
Microsoft Visual Studio Solution File, Format Version 12.00
# Visual Studio Version 17
VisualStudioVersion = 17.7.34202.233
MinimumVisualStudioVersion = 10.0.40219.1
Project("{FAE04EC0-301F-11D3-BF4B-00C04F79EFBC}") = "Library01", "Library01\Library01.csproj", "{E7183087-2606-49A4-9EA0-BB1B988EE8E6}"
EndProject
Global
	GlobalSection(SolutionConfigurationPlatforms) = preSolution
		Debug|Any CPU = Debug|Any CPU
		Release|Any CPU = Release|Any CPU
	EndGlobalSection
	GlobalSection(ProjectConfigurationPlatforms) = postSolution
		{E7183087-2606-49A4-9EA0-BB1B988EE8E6}.Debug|Any CPU.ActiveCfg = Debug|Any CPU
		{E7183087-2606-49A4-9EA0-BB1B988EE8E6}.Debug|Any CPU.Build.0 = Debug|Any CPU
		{E7183087-2606-49A4-9EA0-BB1B988EE8E6}.Release|Any CPU.ActiveCfg = Release|Any CPU
		{E7183087-2606-49A4-9EA0-BB1B988EE8E6}.Release|Any CPU.Build.0 = Release|Any CPU
	EndGlobalSection
	GlobalSection(SolutionProperties) = preSolution
		HideSolutionNode = FALSE
	EndGlobalSection
	GlobalSection(ExtensibilityGlobals) = postSolution
		SolutionGuid = {E7C51C6A-29DE-4B9A-8B59-E93F5CB9CA10}
	EndGlobalSection
EndGlobal
